
Microsoft Visual Studio Solution File, Format Version 12.00
# Visual Studio Version 16
VisualStudioVersion = 16.0.29409.12
MinimumVisualStudioVersion = 10.0.40219.1
Project("{9A19103F-16F7-4668-BE54-9A1E7A4F7556}") = "ImposterGame.Website", "ImposterGame.Website\ImposterGame.Website.csproj", "{6568F3B7-6062-4605-826F-21A55989D4B5}"
EndProject
Project("{9A19103F-16F7-4668-BE54-9A1E7A4F7556}") = "ImposterGame.Model", "ImposterGame.Model\ImposterGame.Model.csproj", "{8745AB9D-C3BE-491B-B6FB-97730B91ACA8}"
EndProject
Project("{9A19103F-16F7-4668-BE54-9A1E7A4F7556}") = "ImposterGame.Game", "ImposterGame.Game\ImposterGame.Game.csproj", "{874A91DB-3601-4142-9687-5976183D74C0}"
EndProject
Project("{9A19103F-16F7-4668-BE54-9A1E7A4F7556}") = "ImposterGame.OptionGrids", "ImposterGame.OptionGrids\ImposterGame.OptionGrids.csproj", "{65F4AD93-7232-4023-A7D9-58AD15E1F80B}"
EndProject
Project("{9A19103F-16F7-4668-BE54-9A1E7A4F7556}") = "ImposterGame.OptionGrids.FileBased", "ImposterGame.OptionGrids.FileBased\ImposterGame.OptionGrids.FileBased.csproj", "{F8D83218-31DE-43FA-A687-5C7733AE3FFD}"
EndProject
Project("{FAE04EC0-301F-11D3-BF4B-00C04F79EFBC}") = "ImposterGame.CosmosDb", "ImposterGame.CosmosDb\ImposterGame.CosmosDb.csproj", "{49E37E4F-8DEC-4DA6-9B5D-29FDCE0ED47D}"
EndProject
Global
	GlobalSection(SolutionConfigurationPlatforms) = preSolution
		Debug|Any CPU = Debug|Any CPU
		Release|Any CPU = Release|Any CPU
	EndGlobalSection
	GlobalSection(ProjectConfigurationPlatforms) = postSolution
		{6568F3B7-6062-4605-826F-21A55989D4B5}.Debug|Any CPU.ActiveCfg = Debug|Any CPU
		{6568F3B7-6062-4605-826F-21A55989D4B5}.Debug|Any CPU.Build.0 = Debug|Any CPU
		{6568F3B7-6062-4605-826F-21A55989D4B5}.Release|Any CPU.ActiveCfg = Release|Any CPU
		{6568F3B7-6062-4605-826F-21A55989D4B5}.Release|Any CPU.Build.0 = Release|Any CPU
		{8745AB9D-C3BE-491B-B6FB-97730B91ACA8}.Debug|Any CPU.ActiveCfg = Debug|Any CPU
		{8745AB9D-C3BE-491B-B6FB-97730B91ACA8}.Debug|Any CPU.Build.0 = Debug|Any CPU
		{8745AB9D-C3BE-491B-B6FB-97730B91ACA8}.Release|Any CPU.ActiveCfg = Release|Any CPU
		{8745AB9D-C3BE-491B-B6FB-97730B91ACA8}.Release|Any CPU.Build.0 = Release|Any CPU
		{874A91DB-3601-4142-9687-5976183D74C0}.Debug|Any CPU.ActiveCfg = Debug|Any CPU
		{874A91DB-3601-4142-9687-5976183D74C0}.Debug|Any CPU.Build.0 = Debug|Any CPU
		{874A91DB-3601-4142-9687-5976183D74C0}.Release|Any CPU.ActiveCfg = Release|Any CPU
		{874A91DB-3601-4142-9687-5976183D74C0}.Release|Any CPU.Build.0 = Release|Any CPU
		{65F4AD93-7232-4023-A7D9-58AD15E1F80B}.Debug|Any CPU.ActiveCfg = Debug|Any CPU
		{65F4AD93-7232-4023-A7D9-58AD15E1F80B}.Debug|Any CPU.Build.0 = Debug|Any CPU
		{65F4AD93-7232-4023-A7D9-58AD15E1F80B}.Release|Any CPU.ActiveCfg = Release|Any CPU
		{65F4AD93-7232-4023-A7D9-58AD15E1F80B}.Release|Any CPU.Build.0 = Release|Any CPU
		{F8D83218-31DE-43FA-A687-5C7733AE3FFD}.Debug|Any CPU.ActiveCfg = Debug|Any CPU
		{F8D83218-31DE-43FA-A687-5C7733AE3FFD}.Debug|Any CPU.Build.0 = Debug|Any CPU
		{F8D83218-31DE-43FA-A687-5C7733AE3FFD}.Release|Any CPU.ActiveCfg = Release|Any CPU
		{F8D83218-31DE-43FA-A687-5C7733AE3FFD}.Release|Any CPU.Build.0 = Release|Any CPU
		{49E37E4F-8DEC-4DA6-9B5D-29FDCE0ED47D}.Debug|Any CPU.ActiveCfg = Debug|Any CPU
		{49E37E4F-8DEC-4DA6-9B5D-29FDCE0ED47D}.Debug|Any CPU.Build.0 = Debug|Any CPU
		{49E37E4F-8DEC-4DA6-9B5D-29FDCE0ED47D}.Release|Any CPU.ActiveCfg = Release|Any CPU
		{49E37E4F-8DEC-4DA6-9B5D-29FDCE0ED47D}.Release|Any CPU.Build.0 = Release|Any CPU
	EndGlobalSection
	GlobalSection(SolutionProperties) = preSolution
		HideSolutionNode = FALSE
	EndGlobalSection
	GlobalSection(ExtensibilityGlobals) = postSolution
		SolutionGuid = {8ADC760A-A8E9-48B6-B7BC-7CC276FA44E3}
	EndGlobalSection
EndGlobal
