{
  "requires": true,
  "lockfileVersion": 1,
  "dependencies": {
    "swagger-nodegen-cli": {
      "version": "2.4.4",
      "resolved": "https://registry.npmjs.org/swagger-nodegen-cli/-/swagger-nodegen-cli-2.4.4.tgz",
      "integrity": "sha512-xvEKZZGTl6Acpj4gKlwi/ma5tWp8mRLCo7P9pF3HcP3G955H+fcO1M22iflJPy1FvDu1jhitPhlns6Jld3u6EQ=="
    }
  }
}
